
Microsoft Visual Studio Solution File, Format Version 12.00
# Visual Studio Version 16
VisualStudioVersion = 16.0.31129.286
MinimumVisualStudioVersion = 10.0.40219.1
Project("{2150E333-8FDC-42A3-9474-1A3956D46DE8}") = "Module3", "Module3", "{BA081076-EE6B-43F6-B3E2-51E02FE661EB}"
EndProject
Project("{9A19103F-16F7-4668-BE54-9A1E7A4F7556}") = "Topic32", "Topic32\Topic32.csproj", "{6841AB7D-CACF-4CE9-8B17-7B8CA7C1B69C}"
EndProject
Project("{9A19103F-16F7-4668-BE54-9A1E7A4F7556}") = "Topic33", "Topic33\Topic33.csproj", "{5362A1C1-5F1C-48FA-9ABC-41170F9FA3FA}"
EndProject
Project("{9A19103F-16F7-4668-BE54-9A1E7A4F7556}") = "Topic37", "Topic37\Topic37.csproj", "{9BAFA699-C458-4497-86BD-19DCE330CF70}"
EndProject
Project("{2150E333-8FDC-42A3-9474-1A3956D46DE8}") = "Module4", "Module4", "{52051079-5CC9-41B6-ABDA-02964F6A8DB2}"
EndProject
Project("{9A19103F-16F7-4668-BE54-9A1E7A4F7556}") = "Topic41", "Topic41\Topic41.csproj", "{A864A670-002F-4D54-A768-B2CED12EDFED}"
EndProject
Project("{9A19103F-16F7-4668-BE54-9A1E7A4F7556}") = "Topic43", "Topic43\Topic43.csproj", "{5D94A7F5-7F4E-4837-81ED-786E1B59EE18}"
EndProject
Project("{9A19103F-16F7-4668-BE54-9A1E7A4F7556}") = "Topic44", "Topic44\Topic44.csproj", "{2FE3D5DC-39DC-4E48-A1B9-BC30E0F1C001}"
EndProject
Project("{9A19103F-16F7-4668-BE54-9A1E7A4F7556}") = "Topic45", "Topic45\Topic45.csproj", "{A2254506-6EE3-4141-933D-C00E9C06ED9D}"
EndProject
Project("{2150E333-8FDC-42A3-9474-1A3956D46DE8}") = "Module5", "Module5", "{0D11D8A0-E2D2-40B3-8B0C-0D9AF091E6BD}"
EndProject
Project("{9A19103F-16F7-4668-BE54-9A1E7A4F7556}") = "Topic51", "Topic51\Topic51.csproj", "{CAE7051E-9517-4C6E-8A30-4178A7469705}"
EndProject
Project("{FAE04EC0-301F-11D3-BF4B-00C04F79EFBC}") = "Topic55", "Topic55\Topic55.csproj", "{05F72EB5-E6D5-4155-8140-1B7AE092F001}"
EndProject
Global
	GlobalSection(SolutionConfigurationPlatforms) = preSolution
		Debug|Any CPU = Debug|Any CPU
		Release|Any CPU = Release|Any CPU
	EndGlobalSection
	GlobalSection(ProjectConfigurationPlatforms) = postSolution
		{6841AB7D-CACF-4CE9-8B17-7B8CA7C1B69C}.Debug|Any CPU.ActiveCfg = Debug|Any CPU
		{6841AB7D-CACF-4CE9-8B17-7B8CA7C1B69C}.Debug|Any CPU.Build.0 = Debug|Any CPU
		{6841AB7D-CACF-4CE9-8B17-7B8CA7C1B69C}.Release|Any CPU.ActiveCfg = Release|Any CPU
		{6841AB7D-CACF-4CE9-8B17-7B8CA7C1B69C}.Release|Any CPU.Build.0 = Release|Any CPU
		{5362A1C1-5F1C-48FA-9ABC-41170F9FA3FA}.Debug|Any CPU.ActiveCfg = Debug|Any CPU
		{5362A1C1-5F1C-48FA-9ABC-41170F9FA3FA}.Debug|Any CPU.Build.0 = Debug|Any CPU
		{5362A1C1-5F1C-48FA-9ABC-41170F9FA3FA}.Release|Any CPU.ActiveCfg = Release|Any CPU
		{5362A1C1-5F1C-48FA-9ABC-41170F9FA3FA}.Release|Any CPU.Build.0 = Release|Any CPU
		{9BAFA699-C458-4497-86BD-19DCE330CF70}.Debug|Any CPU.ActiveCfg = Debug|Any CPU
		{9BAFA699-C458-4497-86BD-19DCE330CF70}.Debug|Any CPU.Build.0 = Debug|Any CPU
		{9BAFA699-C458-4497-86BD-19DCE330CF70}.Release|Any CPU.ActiveCfg = Release|Any CPU
		{9BAFA699-C458-4497-86BD-19DCE330CF70}.Release|Any CPU.Build.0 = Release|Any CPU
		{A864A670-002F-4D54-A768-B2CED12EDFED}.Debug|Any CPU.ActiveCfg = Debug|Any CPU
		{A864A670-002F-4D54-A768-B2CED12EDFED}.Debug|Any CPU.Build.0 = Debug|Any CPU
		{A864A670-002F-4D54-A768-B2CED12EDFED}.Release|Any CPU.ActiveCfg = Release|Any CPU
		{A864A670-002F-4D54-A768-B2CED12EDFED}.Release|Any CPU.Build.0 = Release|Any CPU
		{5D94A7F5-7F4E-4837-81ED-786E1B59EE18}.Debug|Any CPU.ActiveCfg = Debug|Any CPU
		{5D94A7F5-7F4E-4837-81ED-786E1B59EE18}.Debug|Any CPU.Build.0 = Debug|Any CPU
		{5D94A7F5-7F4E-4837-81ED-786E1B59EE18}.Release|Any CPU.ActiveCfg = Release|Any CPU
		{5D94A7F5-7F4E-4837-81ED-786E1B59EE18}.Release|Any CPU.Build.0 = Release|Any CPU
		{2FE3D5DC-39DC-4E48-A1B9-BC30E0F1C001}.Debug|Any CPU.ActiveCfg = Debug|Any CPU
		{2FE3D5DC-39DC-4E48-A1B9-BC30E0F1C001}.Debug|Any CPU.Build.0 = Debug|Any CPU
		{2FE3D5DC-39DC-4E48-A1B9-BC30E0F1C001}.Release|Any CPU.ActiveCfg = Release|Any CPU
		{2FE3D5DC-39DC-4E48-A1B9-BC30E0F1C001}.Release|Any CPU.Build.0 = Release|Any CPU
		{A2254506-6EE3-4141-933D-C00E9C06ED9D}.Debug|Any CPU.ActiveCfg = Debug|Any CPU
		{A2254506-6EE3-4141-933D-C00E9C06ED9D}.Debug|Any CPU.Build.0 = Debug|Any CPU
		{A2254506-6EE3-4141-933D-C00E9C06ED9D}.Release|Any CPU.ActiveCfg = Release|Any CPU
		{A2254506-6EE3-4141-933D-C00E9C06ED9D}.Release|Any CPU.Build.0 = Release|Any CPU
		{CAE7051E-9517-4C6E-8A30-4178A7469705}.Debug|Any CPU.ActiveCfg = Debug|Any CPU
		{CAE7051E-9517-4C6E-8A30-4178A7469705}.Debug|Any CPU.Build.0 = Debug|Any CPU
		{CAE7051E-9517-4C6E-8A30-4178A7469705}.Release|Any CPU.ActiveCfg = Release|Any CPU
		{CAE7051E-9517-4C6E-8A30-4178A7469705}.Release|Any CPU.Build.0 = Release|Any CPU
		{05F72EB5-E6D5-4155-8140-1B7AE092F001}.Debug|Any CPU.ActiveCfg = Debug|Any CPU
		{05F72EB5-E6D5-4155-8140-1B7AE092F001}.Debug|Any CPU.Build.0 = Debug|Any CPU
		{05F72EB5-E6D5-4155-8140-1B7AE092F001}.Release|Any CPU.ActiveCfg = Release|Any CPU
		{05F72EB5-E6D5-4155-8140-1B7AE092F001}.Release|Any CPU.Build.0 = Release|Any CPU
	EndGlobalSection
	GlobalSection(SolutionProperties) = preSolution
		HideSolutionNode = FALSE
	EndGlobalSection
	GlobalSection(NestedProjects) = preSolution
		{6841AB7D-CACF-4CE9-8B17-7B8CA7C1B69C} = {BA081076-EE6B-43F6-B3E2-51E02FE661EB}
		{5362A1C1-5F1C-48FA-9ABC-41170F9FA3FA} = {BA081076-EE6B-43F6-B3E2-51E02FE661EB}
		{9BAFA699-C458-4497-86BD-19DCE330CF70} = {BA081076-EE6B-43F6-B3E2-51E02FE661EB}
		{A864A670-002F-4D54-A768-B2CED12EDFED} = {52051079-5CC9-41B6-ABDA-02964F6A8DB2}
		{5D94A7F5-7F4E-4837-81ED-786E1B59EE18} = {52051079-5CC9-41B6-ABDA-02964F6A8DB2}
		{2FE3D5DC-39DC-4E48-A1B9-BC30E0F1C001} = {52051079-5CC9-41B6-ABDA-02964F6A8DB2}
		{A2254506-6EE3-4141-933D-C00E9C06ED9D} = {52051079-5CC9-41B6-ABDA-02964F6A8DB2}
		{CAE7051E-9517-4C6E-8A30-4178A7469705} = {0D11D8A0-E2D2-40B3-8B0C-0D9AF091E6BD}
		{05F72EB5-E6D5-4155-8140-1B7AE092F001} = {0D11D8A0-E2D2-40B3-8B0C-0D9AF091E6BD}
	EndGlobalSection
	GlobalSection(ExtensibilityGlobals) = postSolution
		SolutionGuid = {9BA087F6-9DC3-4E0C-B89A-EE43780F27B1}
	EndGlobalSection
EndGlobal
